
Microsoft Visual Studio Solution File, Format Version 12.00
# Visual Studio Version 17
VisualStudioVersion = 17.7.34018.315
MinimumVisualStudioVersion = 10.0.40219.1
Project("{FAE04EC0-301F-11D3-BF4B-00C04F79EFBC}") = "SugarBakers", "SugarBakers.csproj", "{B8BB3B28-96D7-431B-AED0-833741EADD08}"
EndProject
Global
	GlobalSection(SolutionConfigurationPlatforms) = preSolution
		Debug|Any CPU = Debug|Any CPU
		Release|Any CPU = Release|Any CPU
	EndGlobalSection
	GlobalSection(ProjectConfigurationPlatforms) = postSolution
		{B8BB3B28-96D7-431B-AED0-833741EADD08}.Debug|Any CPU.ActiveCfg = Debug|Any CPU
		{B8BB3B28-96D7-431B-AED0-833741EADD08}.Debug|Any CPU.Build.0 = Debug|Any CPU
		{B8BB3B28-96D7-431B-AED0-833741EADD08}.Release|Any CPU.ActiveCfg = Release|Any CPU
		{B8BB3B28-96D7-431B-AED0-833741EADD08}.Release|Any CPU.Build.0 = Release|Any CPU
	EndGlobalSection
	GlobalSection(SolutionProperties) = preSolution
		HideSolutionNode = FALSE
	EndGlobalSection
	GlobalSection(ExtensibilityGlobals) = postSolution
		SolutionGuid = {B4718E70-0DE3-47C7-B014-2303B1E658EA}
	EndGlobalSection
EndGlobal
